
Microsoft Visual Studio Solution File, Format Version 12.00
# Visual Studio Version 16
VisualStudioVersion = 16.0.30225.117
MinimumVisualStudioVersion = 10.0.40219.1
Project("{E24C65DC-7377-472B-9ABA-BC803B73C61A}") = "GC", "GC\", "{9A1558FB-E719-4F61-A7BA-F58BF7383B2D}"
	ProjectSection(WebsiteProperties) = preProject
		TargetFrameworkMoniker = ".NETFramework,Version%3Dv4.0"
		Debug.AspNetCompiler.VirtualPath = "/localhost_2206"
		Debug.AspNetCompiler.PhysicalPath = "GC\"
		Debug.AspNetCompiler.TargetPath = "PrecompiledWeb\localhost_2206\"
		Debug.AspNetCompiler.Updateable = "true"
		Debug.AspNetCompiler.ForceOverwrite = "true"
		Debug.AspNetCompiler.FixedNames = "false"
		Debug.AspNetCompiler.Debug = "True"
		Release.AspNetCompiler.VirtualPath = "/localhost_2206"
		Release.AspNetCompiler.PhysicalPath = "GC\"
		Release.AspNetCompiler.TargetPath = "PrecompiledWeb\localhost_2206\"
		Release.AspNetCompiler.Updateable = "true"
		Release.AspNetCompiler.ForceOverwrite = "true"
		Release.AspNetCompiler.FixedNames = "false"
		Release.AspNetCompiler.Debug = "False"
		VWDPort = "2206"
		SlnRelativePath = "GC\"
	EndProjectSection
EndProject
Project("{E24C65DC-7377-472B-9ABA-BC803B73C61A}") = "GC_Public", "GC_Public\", "{48F64D95-14A0-444F-AE5C-67E200D21599}"
	ProjectSection(WebsiteProperties) = preProject
		TargetFrameworkMoniker = ".NETFramework,Version%3Dv4.0"
		Debug.AspNetCompiler.VirtualPath = "/localhost_2207"
		Debug.AspNetCompiler.PhysicalPath = "GC_Public\"
		Debug.AspNetCompiler.TargetPath = "PrecompiledWeb\localhost_2207\"
		Debug.AspNetCompiler.Updateable = "true"
		Debug.AspNetCompiler.ForceOverwrite = "true"
		Debug.AspNetCompiler.FixedNames = "false"
		Debug.AspNetCompiler.Debug = "True"
		Release.AspNetCompiler.VirtualPath = "/localhost_2207"
		Release.AspNetCompiler.PhysicalPath = "GC_Public\"
		Release.AspNetCompiler.TargetPath = "PrecompiledWeb\localhost_2207\"
		Release.AspNetCompiler.Updateable = "true"
		Release.AspNetCompiler.ForceOverwrite = "true"
		Release.AspNetCompiler.FixedNames = "false"
		Release.AspNetCompiler.Debug = "False"
		VWDPort = "2207"
		SlnRelativePath = "GC_Public\"
	EndProjectSection
EndProject
Global
	GlobalSection(SolutionConfigurationPlatforms) = preSolution
		Debug|Any CPU = Debug|Any CPU
		Release|Any CPU = Release|Any CPU
	EndGlobalSection
	GlobalSection(ProjectConfigurationPlatforms) = postSolution
		{9A1558FB-E719-4F61-A7BA-F58BF7383B2D}.Debug|Any CPU.ActiveCfg = Debug|Any CPU
		{9A1558FB-E719-4F61-A7BA-F58BF7383B2D}.Debug|Any CPU.Build.0 = Debug|Any CPU
		{9A1558FB-E719-4F61-A7BA-F58BF7383B2D}.Release|Any CPU.ActiveCfg = Debug|Any CPU
		{9A1558FB-E719-4F61-A7BA-F58BF7383B2D}.Release|Any CPU.Build.0 = Debug|Any CPU
		{48F64D95-14A0-444F-AE5C-67E200D21599}.Debug|Any CPU.ActiveCfg = Debug|Any CPU
		{48F64D95-14A0-444F-AE5C-67E200D21599}.Debug|Any CPU.Build.0 = Debug|Any CPU
		{48F64D95-14A0-444F-AE5C-67E200D21599}.Release|Any CPU.ActiveCfg = Debug|Any CPU
		{48F64D95-14A0-444F-AE5C-67E200D21599}.Release|Any CPU.Build.0 = Debug|Any CPU
	EndGlobalSection
	GlobalSection(SolutionProperties) = preSolution
		HideSolutionNode = FALSE
	EndGlobalSection
	GlobalSection(ExtensibilityGlobals) = postSolution
		SolutionGuid = {C477AB72-F678-4EAA-B79D-0B1466A10C81}
	EndGlobalSection
EndGlobal
